// !$*UTF8*$!
{
	archiveVersion = 1;
	classes = {
	};
	objectVersion = 48;
	objects = {

/* Begin PBXBuildFile section */
		4D15EBBD00A037CBE353D85E /* Pods_WeatherAlertTests.framework in Frameworks */ = {isa = PBXBuildFile; fileRef = F219E9D5C0CA7E27A1F4881C /* Pods_WeatherAlertTests.framework */; };
		5A0BC2CE3F7CC3089D399B8B /* Pods_WeatherAlertUITests.framework in Frameworks */ = {isa = PBXBuildFile; fileRef = ADC402E710D258DC71AC16A8 /* Pods_WeatherAlertUITests.framework */; };
		9064423C1F96871800D80095 /* SkyIconView.swift in Sources */ = {isa = PBXBuildFile; fileRef = 9064423B1F96871800D80095 /* SkyIconView.swift */; };
		9095007E1F9D410E00B410E0 /* City.swift in Sources */ = {isa = PBXBuildFile; fileRef = 9095007D1F9D410E00B410E0 /* City.swift */; };
		909D5B391FA4D9F5000A4A9D /* CityCell.swift in Sources */ = {isa = PBXBuildFile; fileRef = 909D5B381FA4D9F5000A4A9D /* CityCell.swift */; };
		90A1682E1FBF9C47004207DA /* Gradient.swift in Sources */ = {isa = PBXBuildFile; fileRef = 90A1682D1FBF9C47004207DA /* Gradient.swift */; };
		90AD01561F93DC6500BCB969 /* AppDelegate.swift in Sources */ = {isa = PBXBuildFile; fileRef = 90AD01551F93DC6500BCB969 /* AppDelegate.swift */; };
		90AD015B1F93DC6500BCB969 /* Main.storyboard in Resources */ = {isa = PBXBuildFile; fileRef = 90AD01591F93DC6500BCB969 /* Main.storyboard */; };
		90AD015D1F93DC6500BCB969 /* Assets.xcassets in Resources */ = {isa = PBXBuildFile; fileRef = 90AD015C1F93DC6500BCB969 /* Assets.xcassets */; };
		90AD01601F93DC6500BCB969 /* LaunchScreen.storyboard in Resources */ = {isa = PBXBuildFile; fileRef = 90AD015E1F93DC6500BCB969 /* LaunchScreen.storyboard */; };
		90AD016B1F93DC6500BCB969 /* WeatherAlertTests.swift in Sources */ = {isa = PBXBuildFile; fileRef = 90AD016A1F93DC6500BCB969 /* WeatherAlertTests.swift */; };
		90AD01761F93DC6500BCB969 /* WeatherAlertUITests.swift in Sources */ = {isa = PBXBuildFile; fileRef = 90AD01751F93DC6500BCB969 /* WeatherAlertUITests.swift */; };
		90AD01841F93DC8200BCB969 /* Constants.swift in Sources */ = {isa = PBXBuildFile; fileRef = 90AD01831F93DC8200BCB969 /* Constants.swift */; };
		90AD01861F93DE2500BCB969 /* APIController.swift in Sources */ = {isa = PBXBuildFile; fileRef = 90AD01851F93DE2500BCB969 /* APIController.swift */; };
		90AD018B1F94E98700BCB969 /* MainVC.swift in Sources */ = {isa = PBXBuildFile; fileRef = 90AD018A1F94E98700BCB969 /* MainVC.swift */; };
		90AD018D1F94EA2600BCB969 /* Weather.swift in Sources */ = {isa = PBXBuildFile; fileRef = 90AD018C1F94EA2600BCB969 /* Weather.swift */; };
		90DD358D1F990C74007F621E /* CitiesViewController.swift in Sources */ = {isa = PBXBuildFile; fileRef = 90DD358C1F990C74007F621E /* CitiesViewController.swift */; };
		90EA985E1F990E710014A471 /* InformationViewController.swift in Sources */ = {isa = PBXBuildFile; fileRef = 90EA985D1F990E710014A471 /* InformationViewController.swift */; };
		90EA98601F9924270014A471 /* CircularTransition.swift in Sources */ = {isa = PBXBuildFile; fileRef = 90EA985F1F9924270014A471 /* CircularTransition.swift */; };
		90EA98621F9A50170014A471 /* ForecastWeather.swift in Sources */ = {isa = PBXBuildFile; fileRef = 90EA98611F9A50170014A471 /* ForecastWeather.swift */; };
		AB1FB849EB5D40CA437DA3AA /* Pods_WeatherAlert.framework in Frameworks */ = {isa = PBXBuildFile; fileRef = 1ED6F81C4E74D404E47BFD81 /* Pods_WeatherAlert.framework */; };
/* End PBXBuildFile section */

/* Begin PBXContainerItemProxy section */
		90AD01671F93DC6500BCB969 /* PBXContainerItemProxy */ = {
			isa = PBXContainerItemProxy;
			containerPortal = 90AD014A1F93DC6500BCB969 /* Project object */;
			proxyType = 1;
			remoteGlobalIDString = 90AD01511F93DC6500BCB969;
			remoteInfo = WeatherAlert;
		};
		90AD01721F93DC6500BCB969 /* PBXContainerItemProxy */ = {
			isa = PBXContainerItemProxy;
			containerPortal = 90AD014A1F93DC6500BCB969 /* Project object */;
			proxyType = 1;
			remoteGlobalIDString = 90AD01511F93DC6500BCB969;
			remoteInfo = WeatherAlert;
		};
/* End PBXContainerItemProxy section */

/* Begin PBXFileReference section */
		1250DD69DB3F3151CA2C3213 /* Pods-WeatherAlert.debug.xcconfig */ = {isa = PBXFileReference; includeInIndex = 1; lastKnownFileType = text.xcconfig; name = "Pods-WeatherAlert.debug.xcconfig"; path = "Pods/Target Support Files/Pods-WeatherAlert/Pods-WeatherAlert.debug.xcconfig"; sourceTree = "<group>"; };
		1ED6F81C4E74D404E47BFD81 /* Pods_WeatherAlert.framework */ = {isa = PBXFileReference; explicitFileType = wrapper.framework; includeInIndex = 0; path = Pods_WeatherAlert.framework; sourceTree = BUILT_PRODUCTS_DIR; };
		2082989C1093EE5C5F75554E /* Pods-WeatherAlertTests.release.xcconfig */ = {isa = PBXFileReference; includeInIndex = 1; lastKnownFileType = text.xcconfig; name = "Pods-WeatherAlertTests.release.xcconfig"; path = "Pods/Target Support Files/Pods-WeatherAlertTests/Pods-WeatherAlertTests.release.xcconfig"; sourceTree = "<group>"; };
		21266580D1E739FEC38061D1 /* Pods-WeatherAlertTests.debug.xcconfig */ = {isa = PBXFileReference; includeInIndex = 1; lastKnownFileType = text.xcconfig; name = "Pods-WeatherAlertTests.debug.xcconfig"; path = "Pods/Target Support Files/Pods-WeatherAlertTests/Pods-WeatherAlertTests.debug.xcconfig"; sourceTree = "<group>"; };
		363957E64C607AE192D281D0 /* Pods-WeatherAlertUITests.debug.xcconfig */ = {isa = PBXFileReference; includeInIndex = 1; lastKnownFileType = text.xcconfig; name = "Pods-WeatherAlertUITests.debug.xcconfig"; path = "Pods/Target Support Files/Pods-WeatherAlertUITests/Pods-WeatherAlertUITests.debug.xcconfig"; sourceTree = "<group>"; };
		7F09614A84EC7720AEFECC31 /* Pods-WeatherAlertUITests.release.xcconfig */ = {isa = PBXFileReference; includeInIndex = 1; lastKnownFileType = text.xcconfig; name = "Pods-WeatherAlertUITests.release.xcconfig"; path = "Pods/Target Support Files/Pods-WeatherAlertUITests/Pods-WeatherAlertUITests.release.xcconfig"; sourceTree = "<group>"; };
		9064423B1F96871800D80095 /* SkyIconView.swift */ = {isa = PBXFileReference; lastKnownFileType = sourcecode.swift; path = SkyIconView.swift; sourceTree = "<group>"; };
		9095007D1F9D410E00B410E0 /* City.swift */ = {isa = PBXFileReference; lastKnownFileType = sourcecode.swift; path = City.swift; sourceTree = "<group>"; };
		909D5B381FA4D9F5000A4A9D /* CityCell.swift */ = {isa = PBXFileReference; lastKnownFileType = sourcecode.swift; path = CityCell.swift; sourceTree = "<group>"; };
		90A1682D1FBF9C47004207DA /* Gradient.swift */ = {isa = PBXFileReference; lastKnownFileType = sourcecode.swift; path = Gradient.swift; sourceTree = "<group>"; };
		90AD01521F93DC6500BCB969 /* WeatherAlert.app */ = {isa = PBXFileReference; explicitFileType = wrapper.application; includeInIndex = 0; path = WeatherAlert.app; sourceTree = BUILT_PRODUCTS_DIR; };
		90AD01551F93DC6500BCB969 /* AppDelegate.swift */ = {isa = PBXFileReference; lastKnownFileType = sourcecode.swift; path = AppDelegate.swift; sourceTree = "<group>"; };
		90AD015A1F93DC6500BCB969 /* Base */ = {isa = PBXFileReference; lastKnownFileType = file.storyboard; name = Base; path = Base.lproj/Main.storyboard; sourceTree = "<group>"; };
		90AD015C1F93DC6500BCB969 /* Assets.xcassets */ = {isa = PBXFileReference; lastKnownFileType = folder.assetcatalog; path = Assets.xcassets; sourceTree = "<group>"; };
		90AD015F1F93DC6500BCB969 /* Base */ = {isa = PBXFileReference; lastKnownFileType = file.storyboard; name = Base; path = Base.lproj/LaunchScreen.storyboard; sourceTree = "<group>"; };
		90AD01611F93DC6500BCB969 /* Info.plist */ = {isa = PBXFileReference; lastKnownFileType = text.plist.xml; path = Info.plist; sourceTree = "<group>"; };
		90AD01661F93DC6500BCB969 /* WeatherAlertTests.xctest */ = {isa = PBXFileReference; explicitFileType = wrapper.cfbundle; includeInIndex = 0; path = WeatherAlertTests.xctest; sourceTree = BUILT_PRODUCTS_DIR; };
		90AD016A1F93DC6500BCB969 /* WeatherAlertTests.swift */ = {isa = PBXFileReference; lastKnownFileType = sourcecode.swift; path = WeatherAlertTests.swift; sourceTree = "<group>"; };
		90AD016C1F93DC6500BCB969 /* Info.plist */ = {isa = PBXFileReference; lastKnownFileType = text.plist.xml; path = Info.plist; sourceTree = "<group>"; };
		90AD01711F93DC6500BCB969 /* WeatherAlertUITests.xctest */ = {isa = PBXFileReference; explicitFileType = wrapper.cfbundle; includeInIndex = 0; path = WeatherAlertUITests.xctest; sourceTree = BUILT_PRODUCTS_DIR; };
		90AD01751F93DC6500BCB969 /* WeatherAlertUITests.swift */ = {isa = PBXFileReference; lastKnownFileType = sourcecode.swift; path = WeatherAlertUITests.swift; sourceTree = "<group>"; };
		90AD01771F93DC6500BCB969 /* Info.plist */ = {isa = PBXFileReference; lastKnownFileType = text.plist.xml; path = Info.plist; sourceTree = "<group>"; };
		90AD01831F93DC8200BCB969 /* Constants.swift */ = {isa = PBXFileReference; lastKnownFileType = sourcecode.swift; path = Constants.swift; sourceTree = "<group>"; };
		90AD01851F93DE2500BCB969 /* APIController.swift */ = {isa = PBXFileReference; lastKnownFileType = sourcecode.swift; path = APIController.swift; sourceTree = "<group>"; };
		90AD018A1F94E98700BCB969 /* MainVC.swift */ = {isa = PBXFileReference; lastKnownFileType = sourcecode.swift; path = MainVC.swift; sourceTree = "<group>"; };
		90AD018C1F94EA2600BCB969 /* Weather.swift */ = {isa = PBXFileReference; lastKnownFileType = sourcecode.swift; path = Weather.swift; sourceTree = "<group>"; };
		90DD358C1F990C74007F621E /* CitiesViewController.swift */ = {isa = PBXFileReference; lastKnownFileType = sourcecode.swift; path = CitiesViewController.swift; sourceTree = "<group>"; };
		90EA985D1F990E710014A471 /* InformationViewController.swift */ = {isa = PBXFileReference; lastKnownFileType = sourcecode.swift; path = InformationViewController.swift; sourceTree = "<group>"; };
		90EA985F1F9924270014A471 /* CircularTransition.swift */ = {isa = PBXFileReference; lastKnownFileType = sourcecode.swift; path = CircularTransition.swift; sourceTree = "<group>"; };
		90EA98611F9A50170014A471 /* ForecastWeather.swift */ = {isa = PBXFileReference; lastKnownFileType = sourcecode.swift; path = ForecastWeather.swift; sourceTree = "<group>"; };
		AA2812EA99ECBCE03F487CAD /* Pods-WeatherAlert.release.xcconfig */ = {isa = PBXFileReference; includeInIndex = 1; lastKnownFileType = text.xcconfig; name = "Pods-WeatherAlert.release.xcconfig"; path = "Pods/Target Support Files/Pods-WeatherAlert/Pods-WeatherAlert.release.xcconfig"; sourceTree = "<group>"; };
		ADC402E710D258DC71AC16A8 /* Pods_WeatherAlertUITests.framework */ = {isa = PBXFileReference; explicitFileType = wrapper.framework; includeInIndex = 0; path = Pods_WeatherAlertUITests.framework; sourceTree = BUILT_PRODUCTS_DIR; };
		F219E9D5C0CA7E27A1F4881C /* Pods_WeatherAlertTests.framework */ = {isa = PBXFileReference; explicitFileType = wrapper.framework; includeInIndex = 0; path = Pods_WeatherAlertTests.framework; sourceTree = BUILT_PRODUCTS_DIR; };
/* End PBXFileReference section */

/* Begin PBXFrameworksBuildPhase section */
		90AD014F1F93DC6500BCB969 /* Frameworks */ = {
			isa = PBXFrameworksBuildPhase;
			buildActionMask = 2147483647;
			files = (
				AB1FB849EB5D40CA437DA3AA /* Pods_WeatherAlert.framework in Frameworks */,
			);
			runOnlyForDeploymentPostprocessing = 0;
		};
		90AD01631F93DC6500BCB969 /* Frameworks */ = {
			isa = PBXFrameworksBuildPhase;
			buildActionMask = 2147483647;
			files = (
				4D15EBBD00A037CBE353D85E /* Pods_WeatherAlertTests.framework in Frameworks */,
			);
			runOnlyForDeploymentPostprocessing = 0;
		};
		90AD016E1F93DC6500BCB969 /* Frameworks */ = {
			isa = PBXFrameworksBuildPhase;
			buildActionMask = 2147483647;
			files = (
				5A0BC2CE3F7CC3089D399B8B /* Pods_WeatherAlertUITests.framework in Frameworks */,
			);
			runOnlyForDeploymentPostprocessing = 0;
		};
/* End PBXFrameworksBuildPhase section */

/* Begin PBXGroup section */
		3A921384B66953D9E9118315 /* Pods */ = {
			isa = PBXGroup;
			children = (
				1250DD69DB3F3151CA2C3213 /* Pods-WeatherAlert.debug.xcconfig */,
				AA2812EA99ECBCE03F487CAD /* Pods-WeatherAlert.release.xcconfig */,
				21266580D1E739FEC38061D1 /* Pods-WeatherAlertTests.debug.xcconfig */,
				2082989C1093EE5C5F75554E /* Pods-WeatherAlertTests.release.xcconfig */,
				363957E64C607AE192D281D0 /* Pods-WeatherAlertUITests.debug.xcconfig */,
				7F09614A84EC7720AEFECC31 /* Pods-WeatherAlertUITests.release.xcconfig */,
			);
			name = Pods;
			sourceTree = "<group>";
		};
		8F9CCAD370BCA8170641ECD7 /* Frameworks */ = {
			isa = PBXGroup;
			children = (
				1ED6F81C4E74D404E47BFD81 /* Pods_WeatherAlert.framework */,
				F219E9D5C0CA7E27A1F4881C /* Pods_WeatherAlertTests.framework */,
				ADC402E710D258DC71AC16A8 /* Pods_WeatherAlertUITests.framework */,
			);
			name = Frameworks;
			sourceTree = "<group>";
		};
		909D5B3A1FA4DA0D000A4A9D /* SupportingFiles */ = {
			isa = PBXGroup;
			children = (
				90A1682D1FBF9C47004207DA /* Gradient.swift */,
				9064423B1F96871800D80095 /* SkyIconView.swift */,
				90EA985F1F9924270014A471 /* CircularTransition.swift */,
				90AD01831F93DC8200BCB969 /* Constants.swift */,
			);
			path = SupportingFiles;
			sourceTree = "<group>";
		};
		90AD01491F93DC6500BCB969 = {
			isa = PBXGroup;
			children = (
				90AD01541F93DC6500BCB969 /* WeatherAlert */,
				90AD01691F93DC6500BCB969 /* WeatherAlertTests */,
				90AD01741F93DC6500BCB969 /* WeatherAlertUITests */,
				90AD01531F93DC6500BCB969 /* Products */,
				3A921384B66953D9E9118315 /* Pods */,
				8F9CCAD370BCA8170641ECD7 /* Frameworks */,
			);
			sourceTree = "<group>";
		};
		90AD01531F93DC6500BCB969 /* Products */ = {
			isa = PBXGroup;
			children = (
				90AD01521F93DC6500BCB969 /* WeatherAlert.app */,
				90AD01661F93DC6500BCB969 /* WeatherAlertTests.xctest */,
				90AD01711F93DC6500BCB969 /* WeatherAlertUITests.xctest */,
			);
			name = Products;
			sourceTree = "<group>";
		};
		90AD01541F93DC6500BCB969 /* WeatherAlert */ = {
			isa = PBXGroup;
			children = (
				90AD01591F93DC6500BCB969 /* Main.storyboard */,
				90AD01551F93DC6500BCB969 /* AppDelegate.swift */,
				90AD01851F93DE2500BCB969 /* APIController.swift */,
				909D5B3A1FA4DA0D000A4A9D /* SupportingFiles */,
				90AD018E1F94EA3E00BCB969 /* SwiftFiles */,
				90AD01891F93DF2C00BCB969 /* ViewControllers */,
				90AD015C1F93DC6500BCB969 /* Assets.xcassets */,
				90AD015E1F93DC6500BCB969 /* LaunchScreen.storyboard */,
				90AD01611F93DC6500BCB969 /* Info.plist */,
			);
			path = WeatherAlert;
			sourceTree = "<group>";
		};
		90AD01691F93DC6500BCB969 /* WeatherAlertTests */ = {
			isa = PBXGroup;
			children = (
				90AD016A1F93DC6500BCB969 /* WeatherAlertTests.swift */,
				90AD016C1F93DC6500BCB969 /* Info.plist */,
			);
			path = WeatherAlertTests;
			sourceTree = "<group>";
		};
		90AD01741F93DC6500BCB969 /* WeatherAlertUITests */ = {
			isa = PBXGroup;
			children = (
				90AD01751F93DC6500BCB969 /* WeatherAlertUITests.swift */,
				90AD01771F93DC6500BCB969 /* Info.plist */,
			);
			path = WeatherAlertUITests;
			sourceTree = "<group>";
		};
		90AD01891F93DF2C00BCB969 /* ViewControllers */ = {
			isa = PBXGroup;
			children = (
				90EA985D1F990E710014A471 /* InformationViewController.swift */,
				90DD358C1F990C74007F621E /* CitiesViewController.swift */,
				90AD018A1F94E98700BCB969 /* MainVC.swift */,
			);
			path = ViewControllers;
			sourceTree = "<group>";
		};
		90AD018E1F94EA3E00BCB969 /* SwiftFiles */ = {
			isa = PBXGroup;
			children = (
				90AD018C1F94EA2600BCB969 /* Weather.swift */,
				9095007D1F9D410E00B410E0 /* City.swift */,
				90EA98611F9A50170014A471 /* ForecastWeather.swift */,
				909D5B381FA4D9F5000A4A9D /* CityCell.swift */,
			);
			path = SwiftFiles;
			sourceTree = "<group>";
		};
/* End PBXGroup section */

/* Begin PBXNativeTarget section */
		90AD01511F93DC6500BCB969 /* WeatherAlert */ = {
			isa = PBXNativeTarget;
			buildConfigurationList = 90AD017A1F93DC6500BCB969 /* Build configuration list for PBXNativeTarget "WeatherAlert" */;
			buildPhases = (
				F05EF45CB009F40D07C65986 /* [CP] Check Pods Manifest.lock */,
				90AD014E1F93DC6500BCB969 /* Sources */,
				90AD014F1F93DC6500BCB969 /* Frameworks */,
				90AD01501F93DC6500BCB969 /* Resources */,
				B66E7796F99ADCB43307D111 /* [CP] Embed Pods Frameworks */,
				707C64910C1CAE94AD00AF24 /* [CP] Copy Pods Resources */,
			);
			buildRules = (
			);
			dependencies = (
			);
			name = WeatherAlert;
			productName = WeatherAlert;
			productReference = 90AD01521F93DC6500BCB969 /* WeatherAlert.app */;
			productType = "com.apple.product-type.application";
		};
		90AD01651F93DC6500BCB969 /* WeatherAlertTests */ = {
			isa = PBXNativeTarget;
			buildConfigurationList = 90AD017D1F93DC6500BCB969 /* Build configuration list for PBXNativeTarget "WeatherAlertTests" */;
			buildPhases = (
				8CEA85231BB1422C53CAEA35 /* [CP] Check Pods Manifest.lock */,
				90AD01621F93DC6500BCB969 /* Sources */,
				90AD01631F93DC6500BCB969 /* Frameworks */,
				90AD01641F93DC6500BCB969 /* Resources */,
				996C5873C280AF26CF470734 /* [CP] Embed Pods Frameworks */,
				2C702D143A5DDD294F89AEF6 /* [CP] Copy Pods Resources */,
			);
			buildRules = (
			);
			dependencies = (
				90AD01681F93DC6500BCB969 /* PBXTargetDependency */,
			);
			name = WeatherAlertTests;
			productName = WeatherAlertTests;
			productReference = 90AD01661F93DC6500BCB969 /* WeatherAlertTests.xctest */;
			productType = "com.apple.product-type.bundle.unit-test";
		};
		90AD01701F93DC6500BCB969 /* WeatherAlertUITests */ = {
			isa = PBXNativeTarget;
			buildConfigurationList = 90AD01801F93DC6500BCB969 /* Build configuration list for PBXNativeTarget "WeatherAlertUITests" */;
			buildPhases = (
				3E0E78BF655C9D9EECFFD43F /* [CP] Check Pods Manifest.lock */,
				90AD016D1F93DC6500BCB969 /* Sources */,
				90AD016E1F93DC6500BCB969 /* Frameworks */,
				90AD016F1F93DC6500BCB969 /* Resources */,
				95A3B6C28819042DA6580656 /* [CP] Embed Pods Frameworks */,
				CF2CC8ED6E546B81EC62D9B4 /* [CP] Copy Pods Resources */,
			);
			buildRules = (
			);
			dependencies = (
				90AD01731F93DC6500BCB969 /* PBXTargetDependency */,
			);
			name = WeatherAlertUITests;
			productName = WeatherAlertUITests;
			productReference = 90AD01711F93DC6500BCB969 /* WeatherAlertUITests.xctest */;
			productType = "com.apple.product-type.bundle.ui-testing";
		};
/* End PBXNativeTarget section */

/* Begin PBXProject section */
		90AD014A1F93DC6500BCB969 /* Project object */ = {
			isa = PBXProject;
			attributes = {
				LastSwiftUpdateCheck = 0900;
				LastUpgradeCheck = 0900;
				ORGANIZATIONNAME = "Shane Nelson";
				TargetAttributes = {
					90AD01511F93DC6500BCB969 = {
						CreatedOnToolsVersion = 9.0;
						ProvisioningStyle = Automatic;
					};
					90AD01651F93DC6500BCB969 = {
						CreatedOnToolsVersion = 9.0;
						ProvisioningStyle = Automatic;
						TestTargetID = 90AD01511F93DC6500BCB969;
					};
					90AD01701F93DC6500BCB969 = {
						CreatedOnToolsVersion = 9.0;
						ProvisioningStyle = Automatic;
						TestTargetID = 90AD01511F93DC6500BCB969;
					};
				};
			};
			buildConfigurationList = 90AD014D1F93DC6500BCB969 /* Build configuration list for PBXProject "WeatherAlert" */;
			compatibilityVersion = "Xcode 8.0";
			developmentRegion = en;
			hasScannedForEncodings = 0;
			knownRegions = (
				en,
				Base,
			);
			mainGroup = 90AD01491F93DC6500BCB969;
			productRefGroup = 90AD01531F93DC6500BCB969 /* Products */;
			projectDirPath = "";
			projectRoot = "";
			targets = (
				90AD01511F93DC6500BCB969 /* WeatherAlert */,
				90AD01651F93DC6500BCB969 /* WeatherAlertTests */,
				90AD01701F93DC6500BCB969 /* WeatherAlertUITests */,
			);
		};
/* End PBXProject section */

/* Begin PBXResourcesBuildPhase section */
		90AD01501F93DC6500BCB969 /* Resources */ = {
			isa = PBXResourcesBuildPhase;
			buildActionMask = 2147483647;
			files = (
				90AD01601F93DC6500BCB969 /* LaunchScreen.storyboard in Resources */,
				90AD015D1F93DC6500BCB969 /* Assets.xcassets in Resources */,
				90AD015B1F93DC6500BCB969 /* Main.storyboard in Resources */,
			);
			runOnlyForDeploymentPostprocessing = 0;
		};
		90AD01641F93DC6500BCB969 /* Resources */ = {
			isa = PBXResourcesBuildPhase;
			buildActionMask = 2147483647;
			files = (
			);
			runOnlyForDeploymentPostprocessing = 0;
		};
		90AD016F1F93DC6500BCB969 /* Resources */ = {
			isa = PBXResourcesBuildPhase;
			buildActionMask = 2147483647;
			files = (
			);
			runOnlyForDeploymentPostprocessing = 0;
		};
/* End PBXResourcesBuildPhase section */

/* Begin PBXShellScriptBuildPhase section */
		2C702D143A5DDD294F89AEF6 /* [CP] Copy Pods Resources */ = {
			isa = PBXShellScriptBuildPhase;
			buildActionMask = 2147483647;
			files = (
			);
			inputPaths = (
			);
			name = "[CP] Copy Pods Resources";
			outputPaths = (
			);
			runOnlyForDeploymentPostprocessing = 0;
			shellPath = /bin/sh;
			shellScript = "\"${SRCROOT}/Pods/Target Support Files/Pods-WeatherAlertTests/Pods-WeatherAlertTests-resources.sh\"\n";
			showEnvVarsInLog = 0;
		};
		3E0E78BF655C9D9EECFFD43F /* [CP] Check Pods Manifest.lock */ = {
			isa = PBXShellScriptBuildPhase;
			buildActionMask = 2147483647;
			files = (
			);
			inputPaths = (
			);
			name = "[CP] Check Pods Manifest.lock";
			outputPaths = (
			);
			runOnlyForDeploymentPostprocessing = 0;
			shellPath = /bin/sh;
			shellScript = "diff \"${PODS_PODFILE_DIR_PATH}/Podfile.lock\" \"${PODS_ROOT}/Manifest.lock\" > /dev/null\nif [ $? != 0 ] ; then\n    # print error to STDERR\n    echo \"error: The sandbox is not in sync with the Podfile.lock. Run 'pod install' or update your CocoaPods installation.\" >&2\n    exit 1\nfi\n";
			showEnvVarsInLog = 0;
		};
		707C64910C1CAE94AD00AF24 /* [CP] Copy Pods Resources */ = {
			isa = PBXShellScriptBuildPhase;
			buildActionMask = 2147483647;
			files = (
			);
			inputPaths = (
			);
			name = "[CP] Copy Pods Resources";
			outputPaths = (
			);
			runOnlyForDeploymentPostprocessing = 0;
			shellPath = /bin/sh;
			shellScript = "\"${SRCROOT}/Pods/Target Support Files/Pods-WeatherAlert/Pods-WeatherAlert-resources.sh\"\n";
			showEnvVarsInLog = 0;
		};
		8CEA85231BB1422C53CAEA35 /* [CP] Check Pods Manifest.lock */ = {
			isa = PBXShellScriptBuildPhase;
			buildActionMask = 2147483647;
			files = (
			);
			inputPaths = (
			);
			name = "[CP] Check Pods Manifest.lock";
			outputPaths = (
			);
			runOnlyForDeploymentPostprocessing = 0;
			shellPath = /bin/sh;
			shellScript = "diff \"${PODS_PODFILE_DIR_PATH}/Podfile.lock\" \"${PODS_ROOT}/Manifest.lock\" > /dev/null\nif [ $? != 0 ] ; then\n    # print error to STDERR\n    echo \"error: The sandbox is not in sync with the Podfile.lock. Run 'pod install' or update your CocoaPods installation.\" >&2\n    exit 1\nfi\n";
			showEnvVarsInLog = 0;
		};
		95A3B6C28819042DA6580656 /* [CP] Embed Pods Frameworks */ = {
			isa = PBXShellScriptBuildPhase;
			buildActionMask = 2147483647;
			files = (
			);
			inputPaths = (
			);
			name = "[CP] Embed Pods Frameworks";
			outputPaths = (
			);
			runOnlyForDeploymentPostprocessing = 0;
			shellPath = /bin/sh;
			shellScript = "\"${SRCROOT}/Pods/Target Support Files/Pods-WeatherAlertUITests/Pods-WeatherAlertUITests-frameworks.sh\"\n";
			showEnvVarsInLog = 0;
		};
		996C5873C280AF26CF470734 /* [CP] Embed Pods Frameworks */ = {
			isa = PBXShellScriptBuildPhase;
			buildActionMask = 2147483647;
			files = (
			);
			inputPaths = (
			);
			name = "[CP] Embed Pods Frameworks";
			outputPaths = (
			);
			runOnlyForDeploymentPostprocessing = 0;
			shellPath = /bin/sh;
			shellScript = "\"${SRCROOT}/Pods/Target Support Files/Pods-WeatherAlertTests/Pods-WeatherAlertTests-frameworks.sh\"\n";
			showEnvVarsInLog = 0;
		};
		B66E7796F99ADCB43307D111 /* [CP] Embed Pods Frameworks */ = {
			isa = PBXShellScriptBuildPhase;
			buildActionMask = 2147483647;
			files = (
			);
			inputPaths = (
			);
			name = "[CP] Embed Pods Frameworks";
			outputPaths = (
			);
			runOnlyForDeploymentPostprocessing = 0;
			shellPath = /bin/sh;
			shellScript = "\"${SRCROOT}/Pods/Target Support Files/Pods-WeatherAlert/Pods-WeatherAlert-frameworks.sh\"\n";
			showEnvVarsInLog = 0;
		};
		CF2CC8ED6E546B81EC62D9B4 /* [CP] Copy Pods Resources */ = {
			isa = PBXShellScriptBuildPhase;
			buildActionMask = 2147483647;
			files = (
			);
			inputPaths = (
			);
			name = "[CP] Copy Pods Resources";
			outputPaths = (
			);
			runOnlyForDeploymentPostprocessing = 0;
			shellPath = /bin/sh;
			shellScript = "\"${SRCROOT}/Pods/Target Support Files/Pods-WeatherAlertUITests/Pods-WeatherAlertUITests-resources.sh\"\n";
			showEnvVarsInLog = 0;
		};
		F05EF45CB009F40D07C65986 /* [CP] Check Pods Manifest.lock */ = {
			isa = PBXShellScriptBuildPhase;
			buildActionMask = 2147483647;
			files = (
			);
			inputPaths = (
			);
			name = "[CP] Check Pods Manifest.lock";
			outputPaths = (
			);
			runOnlyForDeploymentPostprocessing = 0;
			shellPath = /bin/sh;
			shellScript = "diff \"${PODS_PODFILE_DIR_PATH}/Podfile.lock\" \"${PODS_ROOT}/Manifest.lock\" > /dev/null\nif [ $? != 0 ] ; then\n    # print error to STDERR\n    echo \"error: The sandbox is not in sync with the Podfile.lock. Run 'pod install' or update your CocoaPods installation.\" >&2\n    exit 1\nfi\n";
			showEnvVarsInLog = 0;
		};
/* End PBXShellScriptBuildPhase section */

/* Begin PBXSourcesBuildPhase section */
		90AD014E1F93DC6500BCB969 /* Sources */ = {
			isa = PBXSourcesBuildPhase;
			buildActionMask = 2147483647;
			files = (
				90AD01861F93DE2500BCB969 /* APIController.swift in Sources */,
				9064423C1F96871800D80095 /* SkyIconView.swift in Sources */,
				909D5B391FA4D9F5000A4A9D /* CityCell.swift in Sources */,
				90AD018B1F94E98700BCB969 /* MainVC.swift in Sources */,
				90AD01561F93DC6500BCB969 /* AppDelegate.swift in Sources */,
				90EA98601F9924270014A471 /* CircularTransition.swift in Sources */,
				90EA98621F9A50170014A471 /* ForecastWeather.swift in Sources */,
				90AD01841F93DC8200BCB969 /* Constants.swift in Sources */,
				9095007E1F9D410E00B410E0 /* City.swift in Sources */,
				90DD358D1F990C74007F621E /* CitiesViewController.swift in Sources */,
				90AD018D1F94EA2600BCB969 /* Weather.swift in Sources */,
				90A1682E1FBF9C47004207DA /* Gradient.swift in Sources */,
				90EA985E1F990E710014A471 /* InformationViewController.swift in Sources */,
			);
			runOnlyForDeploymentPostprocessing = 0;
		};
		90AD01621F93DC6500BCB969 /* Sources */ = {
			isa = PBXSourcesBuildPhase;
			buildActionMask = 2147483647;
			files = (
				90AD016B1F93DC6500BCB969 /* WeatherAlertTests.swift in Sources */,
			);
			runOnlyForDeploymentPostprocessing = 0;
		};
		90AD016D1F93DC6500BCB969 /* Sources */ = {
			isa = PBXSourcesBuildPhase;
			buildActionMask = 2147483647;
			files = (
				90AD01761F93DC6500BCB969 /* WeatherAlertUITests.swift in Sources */,
			);
			runOnlyForDeploymentPostprocessing = 0;
		};
/* End PBXSourcesBuildPhase section */

/* Begin PBXTargetDependency section */
		90AD01681F93DC6500BCB969 /* PBXTargetDependency */ = {
			isa = PBXTargetDependency;
			target = 90AD01511F93DC6500BCB969 /* WeatherAlert */;
			targetProxy = 90AD01671F93DC6500BCB969 /* PBXContainerItemProxy */;
		};
		90AD01731F93DC6500BCB969 /* PBXTargetDependency */ = {
			isa = PBXTargetDependency;
			target = 90AD01511F93DC6500BCB969 /* WeatherAlert */;
			targetProxy = 90AD01721F93DC6500BCB969 /* PBXContainerItemProxy */;
		};
/* End PBXTargetDependency section */

/* Begin PBXVariantGroup section */
		90AD01591F93DC6500BCB969 /* Main.storyboard */ = {
			isa = PBXVariantGroup;
			children = (
				90AD015A1F93DC6500BCB969 /* Base */,
			);
			name = Main.storyboard;
			sourceTree = "<group>";
		};
		90AD015E1F93DC6500BCB969 /* LaunchScreen.storyboard */ = {
			isa = PBXVariantGroup;
			children = (
				90AD015F1F93DC6500BCB969 /* Base */,
			);
			name = LaunchScreen.storyboard;
			sourceTree = "<group>";
		};
/* End PBXVariantGroup section */

/* Begin XCBuildConfiguration section */
		90AD01781F93DC6500BCB969 /* Debug */ = {
			isa = XCBuildConfiguration;
			buildSettings = {
				ALWAYS_SEARCH_USER_PATHS = NO;
				CLANG_ANALYZER_NONNULL = YES;
				CLANG_ANALYZER_NUMBER_OBJECT_CONVERSION = YES_AGGRESSIVE;
				CLANG_CXX_LANGUAGE_STANDARD = "gnu++14";
				CLANG_CXX_LIBRARY = "libc++";
				CLANG_ENABLE_MODULES = YES;
				CLANG_ENABLE_OBJC_ARC = YES;
				CLANG_WARN_BLOCK_CAPTURE_AUTORELEASING = YES;
				CLANG_WARN_BOOL_CONVERSION = YES;
				CLANG_WARN_COMMA = YES;
				CLANG_WARN_CONSTANT_CONVERSION = YES;
				CLANG_WARN_DIRECT_OBJC_ISA_USAGE = YES_ERROR;
				CLANG_WARN_DOCUMENTATION_COMMENTS = YES;
				CLANG_WARN_EMPTY_BODY = YES;
				CLANG_WARN_ENUM_CONVERSION = YES;
				CLANG_WARN_INFINITE_RECURSION = YES;
				CLANG_WARN_INT_CONVERSION = YES;
				CLANG_WARN_NON_LITERAL_NULL_CONVERSION = YES;
				CLANG_WARN_OBJC_LITERAL_CONVERSION = YES;
				CLANG_WARN_OBJC_ROOT_CLASS = YES_ERROR;
				CLANG_WARN_RANGE_LOOP_ANALYSIS = YES;
				CLANG_WARN_STRICT_PROTOTYPES = YES;
				CLANG_WARN_SUSPICIOUS_MOVE = YES;
				CLANG_WARN_UNGUARDED_AVAILABILITY = YES_AGGRESSIVE;
				CLANG_WARN_UNREACHABLE_CODE = YES;
				CLANG_WARN__DUPLICATE_METHOD_MATCH = YES;
				CODE_SIGN_IDENTITY = "iPhone Developer";
				COPY_PHASE_STRIP = NO;
				DEBUG_INFORMATION_FORMAT = dwarf;
				ENABLE_STRICT_OBJC_MSGSEND = YES;
				ENABLE_TESTABILITY = YES;
				GCC_C_LANGUAGE_STANDARD = gnu11;
				GCC_DYNAMIC_NO_PIC = NO;
				GCC_NO_COMMON_BLOCKS = YES;
				GCC_OPTIMIZATION_LEVEL = 0;
				GCC_PREPROCESSOR_DEFINITIONS = (
					"DEBUG=1",
					"$(inherited)",
				);
				GCC_WARN_64_TO_32_BIT_CONVERSION = YES;
				GCC_WARN_ABOUT_RETURN_TYPE = YES_ERROR;
				GCC_WARN_UNDECLARED_SELECTOR = YES;
				GCC_WARN_UNINITIALIZED_AUTOS = YES_AGGRESSIVE;
				GCC_WARN_UNUSED_FUNCTION = YES;
				GCC_WARN_UNUSED_VARIABLE = YES;
				IPHONEOS_DEPLOYMENT_TARGET = 11.0;
				MTL_ENABLE_DEBUG_INFO = YES;
				ONLY_ACTIVE_ARCH = YES;
				SDKROOT = iphoneos;
				SWIFT_ACTIVE_COMPILATION_CONDITIONS = DEBUG;
				SWIFT_OPTIMIZATION_LEVEL = "-Onone";
			};
			name = Debug;
		};
		90AD01791F93DC6500BCB969 /* Release */ = {
			isa = XCBuildConfiguration;
			buildSettings = {
				ALWAYS_SEARCH_USER_PATHS = NO;
				CLANG_ANALYZER_NONNULL = YES;
				CLANG_ANALYZER_NUMBER_OBJECT_CONVERSION = YES_AGGRESSIVE;
				CLANG_CXX_LANGUAGE_STANDARD = "gnu++14";
				CLANG_CXX_LIBRARY = "libc++";
				CLANG_ENABLE_MODULES = YES;
				CLANG_ENABLE_OBJC_ARC = YES;
				CLANG_WARN_BLOCK_CAPTURE_AUTORELEASING = YES;
				CLANG_WARN_BOOL_CONVERSION = YES;
				CLANG_WARN_COMMA = YES;
				CLANG_WARN_CONSTANT_CONVERSION = YES;
				CLANG_WARN_DIRECT_OBJC_ISA_USAGE = YES_ERROR;
				CLANG_WARN_DOCUMENTATION_COMMENTS = YES;
				CLANG_WARN_EMPTY_BODY = YES;
				CLANG_WARN_ENUM_CONVERSION = YES;
				CLANG_WARN_INFINITE_RECURSION = YES;
				CLANG_WARN_INT_CONVERSION = YES;
				CLANG_WARN_NON_LITERAL_NULL_CONVERSION = YES;
				CLANG_WARN_OBJC_LITERAL_CONVERSION = YES;
				CLANG_WARN_OBJC_ROOT_CLASS = YES_ERROR;
				CLANG_WARN_RANGE_LOOP_ANALYSIS = YES;
				CLANG_WARN_STRICT_PROTOTYPES = YES;
				CLANG_WARN_SUSPICIOUS_MOVE = YES;
				CLANG_WARN_UNGUARDED_AVAILABILITY = YES_AGGRESSIVE;
				CLANG_WARN_UNREACHABLE_CODE = YES;
				CLANG_WARN__DUPLICATE_METHOD_MATCH = YES;
				CODE_SIGN_IDENTITY = "iPhone Developer";
				COPY_PHASE_STRIP = NO;
				DEBUG_INFORMATION_FORMAT = "dwarf-with-dsym";
				ENABLE_NS_ASSERTIONS = NO;
				ENABLE_STRICT_OBJC_MSGSEND = YES;
				GCC_C_LANGUAGE_STANDARD = gnu11;
				GCC_NO_COMMON_BLOCKS = YES;
				GCC_WARN_64_TO_32_BIT_CONVERSION = YES;
				GCC_WARN_ABOUT_RETURN_TYPE = YES_ERROR;
				GCC_WARN_UNDECLARED_SELECTOR = YES;
				GCC_WARN_UNINITIALIZED_AUTOS = YES_AGGRESSIVE;
				GCC_WARN_UNUSED_FUNCTION = YES;
				GCC_WARN_UNUSED_VARIABLE = YES;
				IPHONEOS_DEPLOYMENT_TARGET = 11.0;
				MTL_ENABLE_DEBUG_INFO = NO;
				SDKROOT = iphoneos;
				SWIFT_OPTIMIZATION_LEVEL = "-Owholemodule";
				VALIDATE_PRODUCT = YES;
			};
			name = Release;
		};
		90AD017B1F93DC6500BCB969 /* Debug */ = {
			isa = XCBuildConfiguration;
			baseConfigurationReference = 1250DD69DB3F3151CA2C3213 /* Pods-WeatherAlert.debug.xcconfig */;
			buildSettings = {
				ASSETCATALOG_COMPILER_APPICON_NAME = AppIcon;
				CODE_SIGN_STYLE = Automatic;
				DEVELOPMENT_TEAM = 5CZ45M6538;
				INFOPLIST_FILE = WeatherAlert/Info.plist;
				LD_RUNPATH_SEARCH_PATHS = "$(inherited) @executable_path/Frameworks";
				PRODUCT_BUNDLE_IDENTIFIER = "Shane-Nelson.WeatherAlert";
				PRODUCT_NAME = "$(TARGET_NAME)";
				SWIFT_VERSION = 4.0;
				TARGETED_DEVICE_FAMILY = "1,2";
			};
			name = Debug;
		};
		90AD017C1F93DC6500BCB969 /* Release */ = {
			isa = XCBuildConfiguration;
			baseConfigurationReference = AA2812EA99ECBCE03F487CAD /* Pods-WeatherAlert.release.xcconfig */;
			buildSettings = {
				ASSETCATALOG_COMPILER_APPICON_NAME = AppIcon;
				CODE_SIGN_STYLE = Automatic;
				DEVELOPMENT_TEAM = 5CZ45M6538;
				INFOPLIST_FILE = WeatherAlert/Info.plist;
				LD_RUNPATH_SEARCH_PATHS = "$(inherited) @executable_path/Frameworks";
				PRODUCT_BUNDLE_IDENTIFIER = "Shane-Nelson.WeatherAlert";
				PRODUCT_NAME = "$(TARGET_NAME)";
				SWIFT_VERSION = 4.0;
				TARGETED_DEVICE_FAMILY = "1,2";
			};
			name = Release;
		};
		90AD017E1F93DC6500BCB969 /* Debug */ = {
			isa = XCBuildConfiguration;
			baseConfigurationReference = 21266580D1E739FEC38061D1 /* Pods-WeatherAlertTests.debug.xcconfig */;
			buildSettings = {
				ALWAYS_EMBED_SWIFT_STANDARD_LIBRARIES = YES;
				BUNDLE_LOADER = "$(TEST_HOST)";
				CODE_SIGN_STYLE = Automatic;
				DEVELOPMENT_TEAM = 5CZ45M6538;
				INFOPLIST_FILE = WeatherAlertTests/Info.plist;
				LD_RUNPATH_SEARCH_PATHS = "$(inherited) @executable_path/Frameworks @loader_path/Frameworks";
				PRODUCT_BUNDLE_IDENTIFIER = "Shane-Nelson.WeatherAlertTests";
				PRODUCT_NAME = "$(TARGET_NAME)";
				SWIFT_VERSION = 4.0;
				TARGETED_DEVICE_FAMILY = "1,2";
				TEST_HOST = "$(BUILT_PRODUCTS_DIR)/WeatherAlert.app/WeatherAlert";
			};
			name = Debug;
		};
		90AD017F1F93DC6500BCB969 /* Release */ = {
			isa = XCBuildConfiguration;
			baseConfigurationReference = 2082989C1093EE5C5F75554E /* Pods-WeatherAlertTests.release.xcconfig */;
			buildSettings = {
				ALWAYS_EMBED_SWIFT_STANDARD_LIBRARIES = YES;
				BUNDLE_LOADER = "$(TEST_HOST)";
				CODE_SIGN_STYLE = Automatic;
				DEVELOPMENT_TEAM = 5CZ45M6538;
				INFOPLIST_FILE = WeatherAlertTests/Info.plist;
				LD_RUNPATH_SEARCH_PATHS = "$(inherited) @executable_path/Frameworks @loader_path/Frameworks";
				PRODUCT_BUNDLE_IDENTIFIER = "Shane-Nelson.WeatherAlertTests";
				PRODUCT_NAME = "$(TARGET_NAME)";
				SWIFT_VERSION = 4.0;
				TARGETED_DEVICE_FAMILY = "1,2";
				TEST_HOST = "$(BUILT_PRODUCTS_DIR)/WeatherAlert.app/WeatherAlert";
			};
			name = Release;
		};
		90AD01811F93DC6500BCB969 /* Debug */ = {
			isa = XCBuildConfiguration;
			baseConfigurationReference = 363957E64C607AE192D281D0 /* Pods-WeatherAlertUITests.debug.xcconfig */;
			buildSettings = {
				ALWAYS_EMBED_SWIFT_STANDARD_LIBRARIES = YES;
				CODE_SIGN_STYLE = Automatic;
				DEVELOPMENT_TEAM = 5CZ45M6538;
				INFOPLIST_FILE = WeatherAlertUITests/Info.plist;
				LD_RUNPATH_SEARCH_PATHS = "$(inherited) @executable_path/Frameworks @loader_path/Frameworks";
				PRODUCT_BUNDLE_IDENTIFIER = "Shane-Nelson.WeatherAlertUITests";
				PRODUCT_NAME = "$(TARGET_NAME)";
				SWIFT_VERSION = 4.0;
				TARGETED_DEVICE_FAMILY = "1,2";
				TEST_TARGET_NAME = WeatherAlert;
			};
			name = Debug;
		};
		90AD01821F93DC6500BCB969 /* Release */ = {
			isa = XCBuildConfiguration;
			baseConfigurationReference = 7F09614A84EC7720AEFECC31 /* Pods-WeatherAlertUITests.release.xcconfig */;
			buildSettings = {
				ALWAYS_EMBED_SWIFT_STANDARD_LIBRARIES = YES;
				CODE_SIGN_STYLE = Automatic;
				DEVELOPMENT_TEAM = 5CZ45M6538;
				INFOPLIST_FILE = WeatherAlertUITests/Info.plist;
				LD_RUNPATH_SEARCH_PATHS = "$(inherited) @executable_path/Frameworks @loader_path/Frameworks";
				PRODUCT_BUNDLE_IDENTIFIER = "Shane-Nelson.WeatherAlertUITests";
				PRODUCT_NAME = "$(TARGET_NAME)";
				SWIFT_VERSION = 4.0;
				TARGETED_DEVICE_FAMILY = "1,2";
				TEST_TARGET_NAME = WeatherAlert;
			};
			name = Release;
		};
/* End XCBuildConfiguration section */

/* Begin XCConfigurationList section */
		90AD014D1F93DC6500BCB969 /* Build configuration list for PBXProject "WeatherAlert" */ = {
			isa = XCConfigurationList;
			buildConfigurations = (
				90AD01781F93DC6500BCB969 /* Debug */,
				90AD01791F93DC6500BCB969 /* Release */,
			);
			defaultConfigurationIsVisible = 0;
			defaultConfigurationName = Release;
		};
		90AD017A1F93DC6500BCB969 /* Build configuration list for PBXNativeTarget "WeatherAlert" */ = {
			isa = XCConfigurationList;
			buildConfigurations = (
				90AD017B1F93DC6500BCB969 /* Debug */,
				90AD017C1F93DC6500BCB969 /* Release */,
			);
			defaultConfigurationIsVisible = 0;
			defaultConfigurationName = Release;
		};
		90AD017D1F93DC6500BCB969 /* Build configuration list for PBXNativeTarget "WeatherAlertTests" */ = {
			isa = XCConfigurationList;
			buildConfigurations = (
				90AD017E1F93DC6500BCB969 /* Debug */,
				90AD017F1F93DC6500BCB969 /* Release */,
			);
			defaultConfigurationIsVisible = 0;
			defaultConfigurationName = Release;
		};
		90AD01801F93DC6500BCB969 /* Build configuration list for PBXNativeTarget "WeatherAlertUITests" */ = {
			isa = XCConfigurationList;
			buildConfigurations = (
				90AD01811F93DC6500BCB969 /* Debug */,
				90AD01821F93DC6500BCB969 /* Release */,
			);
			defaultConfigurationIsVisible = 0;
			defaultConfigurationName = Release;
		};
/* End XCConfigurationList section */
	};
	rootObject = 90AD014A1F93DC6500BCB969 /* Project object */;
}
